
Microsoft Visual Studio Solution File, Format Version 12.00
# Visual Studio Version 17
VisualStudioVersion = 17.6.33815.320
MinimumVisualStudioVersion = 10.0.40219.1
Project("{FAE04EC0-301F-11D3-BF4B-00C04F79EFBC}") = "ex002", "ex002.csproj", "{A6719C8C-E6BC-42CE-90CD-94AA02486709}"
EndProject
Global
	GlobalSection(SolutionConfigurationPlatforms) = preSolution
		Debug|Any CPU = Debug|Any CPU
		Release|Any CPU = Release|Any CPU
	EndGlobalSection
	GlobalSection(ProjectConfigurationPlatforms) = postSolution
		{A6719C8C-E6BC-42CE-90CD-94AA02486709}.Debug|Any CPU.ActiveCfg = Debug|Any CPU
		{A6719C8C-E6BC-42CE-90CD-94AA02486709}.Debug|Any CPU.Build.0 = Debug|Any CPU
		{A6719C8C-E6BC-42CE-90CD-94AA02486709}.Release|Any CPU.ActiveCfg = Release|Any CPU
		{A6719C8C-E6BC-42CE-90CD-94AA02486709}.Release|Any CPU.Build.0 = Release|Any CPU
	EndGlobalSection
	GlobalSection(SolutionProperties) = preSolution
		HideSolutionNode = FALSE
	EndGlobalSection
	GlobalSection(ExtensibilityGlobals) = postSolution
		SolutionGuid = {0747A795-603A-4321-BCDC-536B99823F2D}
	EndGlobalSection
EndGlobal
