
Microsoft Visual Studio Solution File, Format Version 12.00
# Visual Studio Version 17
VisualStudioVersion = 17.6.33815.320
MinimumVisualStudioVersion = 10.0.40219.1
Project("{FAE04EC0-301F-11D3-BF4B-00C04F79EFBC}") = "ex001", "ex001\ex001.csproj", "{BDE6CBE0-0D4D-4803-B20E-60F07497BEEB}"
EndProject
Global
	GlobalSection(SolutionConfigurationPlatforms) = preSolution
		Debug|Any CPU = Debug|Any CPU
		Release|Any CPU = Release|Any CPU
	EndGlobalSection
	GlobalSection(ProjectConfigurationPlatforms) = postSolution
		{BDE6CBE0-0D4D-4803-B20E-60F07497BEEB}.Debug|Any CPU.ActiveCfg = Debug|Any CPU
		{BDE6CBE0-0D4D-4803-B20E-60F07497BEEB}.Debug|Any CPU.Build.0 = Debug|Any CPU
		{BDE6CBE0-0D4D-4803-B20E-60F07497BEEB}.Release|Any CPU.ActiveCfg = Release|Any CPU
		{BDE6CBE0-0D4D-4803-B20E-60F07497BEEB}.Release|Any CPU.Build.0 = Release|Any CPU
	EndGlobalSection
	GlobalSection(SolutionProperties) = preSolution
		HideSolutionNode = FALSE
	EndGlobalSection
	GlobalSection(ExtensibilityGlobals) = postSolution
		SolutionGuid = {AF7BD596-6BCA-4637-862A-63E63DB5B76D}
	EndGlobalSection
EndGlobal
