
Microsoft Visual Studio Solution File, Format Version 12.00
# Visual Studio Version 17
VisualStudioVersion = 17.6.33815.320
MinimumVisualStudioVersion = 10.0.40219.1
Project("{FAE04EC0-301F-11D3-BF4B-00C04F79EFBC}") = "tarefa-20-03", "tarefa-20-03.csproj", "{8FA96713-DF1E-46A5-8948-98AA8E990A1D}"
EndProject
Global
	GlobalSection(SolutionConfigurationPlatforms) = preSolution
		Debug|Any CPU = Debug|Any CPU
		Release|Any CPU = Release|Any CPU
	EndGlobalSection
	GlobalSection(ProjectConfigurationPlatforms) = postSolution
		{8FA96713-DF1E-46A5-8948-98AA8E990A1D}.Debug|Any CPU.ActiveCfg = Debug|Any CPU
		{8FA96713-DF1E-46A5-8948-98AA8E990A1D}.Debug|Any CPU.Build.0 = Debug|Any CPU
		{8FA96713-DF1E-46A5-8948-98AA8E990A1D}.Release|Any CPU.ActiveCfg = Release|Any CPU
		{8FA96713-DF1E-46A5-8948-98AA8E990A1D}.Release|Any CPU.Build.0 = Release|Any CPU
	EndGlobalSection
	GlobalSection(SolutionProperties) = preSolution
		HideSolutionNode = FALSE
	EndGlobalSection
	GlobalSection(ExtensibilityGlobals) = postSolution
		SolutionGuid = {B95F30C5-A5D9-451E-82E2-1F684C3F252C}
	EndGlobalSection
EndGlobal
