
Microsoft Visual Studio Solution File, Format Version 12.00
# Visual Studio Version 17
VisualStudioVersion = 17.6.33815.320
MinimumVisualStudioVersion = 10.0.40219.1
Project("{FAE04EC0-301F-11D3-BF4B-00C04F79EFBC}") = "ex-001-desconto", "ex-001-desconto.csproj", "{A3FFD77F-CA4C-4A67-9BA5-E70B231D08FF}"
EndProject
Global
	GlobalSection(SolutionConfigurationPlatforms) = preSolution
		Debug|Any CPU = Debug|Any CPU
		Release|Any CPU = Release|Any CPU
	EndGlobalSection
	GlobalSection(ProjectConfigurationPlatforms) = postSolution
		{A3FFD77F-CA4C-4A67-9BA5-E70B231D08FF}.Debug|Any CPU.ActiveCfg = Debug|Any CPU
		{A3FFD77F-CA4C-4A67-9BA5-E70B231D08FF}.Debug|Any CPU.Build.0 = Debug|Any CPU
		{A3FFD77F-CA4C-4A67-9BA5-E70B231D08FF}.Release|Any CPU.ActiveCfg = Release|Any CPU
		{A3FFD77F-CA4C-4A67-9BA5-E70B231D08FF}.Release|Any CPU.Build.0 = Release|Any CPU
	EndGlobalSection
	GlobalSection(SolutionProperties) = preSolution
		HideSolutionNode = FALSE
	EndGlobalSection
	GlobalSection(ExtensibilityGlobals) = postSolution
		SolutionGuid = {09C7B191-7431-4ECB-8A04-2EAC65C13E19}
	EndGlobalSection
EndGlobal
